// !$*UTF8*$!
{
	archiveVersion = 1;
	classes = {
	};
	objectVersion = 56;
	objects = {

/* Begin PBXBuildFile section */
		3F8A8BC62A0AE91700EDE4BB /* SafePrintScreenSwift.docc in Sources */ = {isa = PBXBuildFile; fileRef = 3F8A8BC52A0AE91700EDE4BB /* SafePrintScreenSwift.docc */; };
		3F8A8BCC2A0AE91700EDE4BB /* SafePrintScreenSwift.framework in Frameworks */ = {isa = PBXBuildFile; fileRef = 3F8A8BC12A0AE91700EDE4BB /* SafePrintScreenSwift.framework */; };
		3F8A8BD12A0AE91700EDE4BB /* SafePrintScreenSwiftTests.swift in Sources */ = {isa = PBXBuildFile; fileRef = 3F8A8BD02A0AE91700EDE4BB /* SafePrintScreenSwiftTests.swift */; };
		3F8A8BD22A0AE91700EDE4BB /* SafePrintScreenSwift.h in Headers */ = {isa = PBXBuildFile; fileRef = 3F8A8BC42A0AE91700EDE4BB /* SafePrintScreenSwift.h */; settings = {ATTRIBUTES = (Public, ); }; };
		3F8A8BDC2A0AE92D00EDE4BB /* SafePrintScreenManager.swift in Sources */ = {isa = PBXBuildFile; fileRef = 3F8A8BDB2A0AE92D00EDE4BB /* SafePrintScreenManager.swift */; };
		3F8A8BDF2A0AEC1E00EDE4BB /* SafePrintScreenDelegate.swift in Sources */ = {isa = PBXBuildFile; fileRef = 3F8A8BDE2A0AEC1E00EDE4BB /* SafePrintScreenDelegate.swift */; };
		3F8A8BE22A0AECA100EDE4BB /* UIView+Extension.swift in Sources */ = {isa = PBXBuildFile; fileRef = 3F8A8BE12A0AECA100EDE4BB /* UIView+Extension.swift */; };
/* End PBXBuildFile section */

/* Begin PBXContainerItemProxy section */
		3F8A8BCD2A0AE91700EDE4BB /* PBXContainerItemProxy */ = {
			isa = PBXContainerItemProxy;
			containerPortal = 3F8A8BB82A0AE91600EDE4BB /* Project object */;
			proxyType = 1;
			remoteGlobalIDString = 3F8A8BC02A0AE91700EDE4BB;
			remoteInfo = SafePrintScreenSwift;
		};
/* End PBXContainerItemProxy section */

/* Begin PBXFileReference section */
		3F8A8BC12A0AE91700EDE4BB /* SafePrintScreenSwift.framework */ = {isa = PBXFileReference; explicitFileType = wrapper.framework; includeInIndex = 0; path = SafePrintScreenSwift.framework; sourceTree = BUILT_PRODUCTS_DIR; };
		3F8A8BC42A0AE91700EDE4BB /* SafePrintScreenSwift.h */ = {isa = PBXFileReference; lastKnownFileType = sourcecode.c.h; path = SafePrintScreenSwift.h; sourceTree = "<group>"; };
		3F8A8BC52A0AE91700EDE4BB /* SafePrintScreenSwift.docc */ = {isa = PBXFileReference; lastKnownFileType = folder.documentationcatalog; path = SafePrintScreenSwift.docc; sourceTree = "<group>"; };
		3F8A8BCB2A0AE91700EDE4BB /* SafePrintScreenSwiftTests.xctest */ = {isa = PBXFileReference; explicitFileType = wrapper.cfbundle; includeInIndex = 0; path = SafePrintScreenSwiftTests.xctest; sourceTree = BUILT_PRODUCTS_DIR; };
		3F8A8BD02A0AE91700EDE4BB /* SafePrintScreenSwiftTests.swift */ = {isa = PBXFileReference; lastKnownFileType = sourcecode.swift; path = SafePrintScreenSwiftTests.swift; sourceTree = "<group>"; };
		3F8A8BDB2A0AE92D00EDE4BB /* SafePrintScreenManager.swift */ = {isa = PBXFileReference; lastKnownFileType = sourcecode.swift; path = SafePrintScreenManager.swift; sourceTree = "<group>"; };
		3F8A8BDE2A0AEC1E00EDE4BB /* SafePrintScreenDelegate.swift */ = {isa = PBXFileReference; lastKnownFileType = sourcecode.swift; path = SafePrintScreenDelegate.swift; sourceTree = "<group>"; };
		3F8A8BE12A0AECA100EDE4BB /* UIView+Extension.swift */ = {isa = PBXFileReference; lastKnownFileType = sourcecode.swift; path = "UIView+Extension.swift"; sourceTree = "<group>"; };
/* End PBXFileReference section */

/* Begin PBXFrameworksBuildPhase section */
		3F8A8BBE2A0AE91700EDE4BB /* Frameworks */ = {
			isa = PBXFrameworksBuildPhase;
			buildActionMask = 2147483647;
			files = (
			);
			runOnlyForDeploymentPostprocessing = 0;
		};
		3F8A8BC82A0AE91700EDE4BB /* Frameworks */ = {
			isa = PBXFrameworksBuildPhase;
			buildActionMask = 2147483647;
			files = (
				3F8A8BCC2A0AE91700EDE4BB /* SafePrintScreenSwift.framework in Frameworks */,
			);
			runOnlyForDeploymentPostprocessing = 0;
		};
/* End PBXFrameworksBuildPhase section */

/* Begin PBXGroup section */
		3F8A8BB72A0AE91600EDE4BB = {
			isa = PBXGroup;
			children = (
				3F8A8BC32A0AE91700EDE4BB /* SafePrintScreenSwift */,
				3F8A8BCF2A0AE91700EDE4BB /* SafePrintScreenSwiftTests */,
				3F8A8BC22A0AE91700EDE4BB /* Products */,
			);
			sourceTree = "<group>";
		};
		3F8A8BC22A0AE91700EDE4BB /* Products */ = {
			isa = PBXGroup;
			children = (
				3F8A8BC12A0AE91700EDE4BB /* SafePrintScreenSwift.framework */,
				3F8A8BCB2A0AE91700EDE4BB /* SafePrintScreenSwiftTests.xctest */,
			);
			name = Products;
			sourceTree = "<group>";
		};
		3F8A8BC32A0AE91700EDE4BB /* SafePrintScreenSwift */ = {
			isa = PBXGroup;
			children = (
				3F8A8BE02A0AEC8F00EDE4BB /* supports */,
				3F8A8BDD2A0AEC0800EDE4BB /* protocol */,
				3F8A8BC42A0AE91700EDE4BB /* SafePrintScreenSwift.h */,
				3F8A8BC52A0AE91700EDE4BB /* SafePrintScreenSwift.docc */,
				3F8A8BDB2A0AE92D00EDE4BB /* SafePrintScreenManager.swift */,
			);
			path = SafePrintScreenSwift;
			sourceTree = "<group>";
		};
		3F8A8BCF2A0AE91700EDE4BB /* SafePrintScreenSwiftTests */ = {
			isa = PBXGroup;
			children = (
				3F8A8BD02A0AE91700EDE4BB /* SafePrintScreenSwiftTests.swift */,
			);
			path = SafePrintScreenSwiftTests;
			sourceTree = "<group>";
		};
		3F8A8BDD2A0AEC0800EDE4BB /* protocol */ = {
			isa = PBXGroup;
			children = (
				3F8A8BDE2A0AEC1E00EDE4BB /* SafePrintScreenDelegate.swift */,
			);
			path = protocol;
			sourceTree = "<group>";
		};
		3F8A8BE02A0AEC8F00EDE4BB /* supports */ = {
			isa = PBXGroup;
			children = (
				3F8A8BE12A0AECA100EDE4BB /* UIView+Extension.swift */,
			);
			path = supports;
			sourceTree = "<group>";
		};
/* End PBXGroup section */

/* Begin PBXHeadersBuildPhase section */
		3F8A8BBC2A0AE91700EDE4BB /* Headers */ = {
			isa = PBXHeadersBuildPhase;
			buildActionMask = 2147483647;
			files = (
				3F8A8BD22A0AE91700EDE4BB /* SafePrintScreenSwift.h in Headers */,
			);
			runOnlyForDeploymentPostprocessing = 0;
		};
/* End PBXHeadersBuildPhase section */

/* Begin PBXNativeTarget section */
		3F8A8BC02A0AE91700EDE4BB /* SafePrintScreenSwift */ = {
			isa = PBXNativeTarget;
			buildConfigurationList = 3F8A8BD52A0AE91700EDE4BB /* Build configuration list for PBXNativeTarget "SafePrintScreenSwift" */;
			buildPhases = (
				3F8A8BBC2A0AE91700EDE4BB /* Headers */,
				3F8A8BBD2A0AE91700EDE4BB /* Sources */,
				3F8A8BBE2A0AE91700EDE4BB /* Frameworks */,
				3F8A8BBF2A0AE91700EDE4BB /* Resources */,
			);
			buildRules = (
			);
			dependencies = (
			);
			name = SafePrintScreenSwift;
			productName = SafePrintScreenSwift;
			productReference = 3F8A8BC12A0AE91700EDE4BB /* SafePrintScreenSwift.framework */;
			productType = "com.apple.product-type.framework";
		};
		3F8A8BCA2A0AE91700EDE4BB /* SafePrintScreenSwiftTests */ = {
			isa = PBXNativeTarget;
			buildConfigurationList = 3F8A8BD82A0AE91700EDE4BB /* Build configuration list for PBXNativeTarget "SafePrintScreenSwiftTests" */;
			buildPhases = (
				3F8A8BC72A0AE91700EDE4BB /* Sources */,
				3F8A8BC82A0AE91700EDE4BB /* Frameworks */,
				3F8A8BC92A0AE91700EDE4BB /* Resources */,
			);
			buildRules = (
			);
			dependencies = (
				3F8A8BCE2A0AE91700EDE4BB /* PBXTargetDependency */,
			);
			name = SafePrintScreenSwiftTests;
			productName = SafePrintScreenSwiftTests;
			productReference = 3F8A8BCB2A0AE91700EDE4BB /* SafePrintScreenSwiftTests.xctest */;
			productType = "com.apple.product-type.bundle.unit-test";
		};
/* End PBXNativeTarget section */

/* Begin PBXProject section */
		3F8A8BB82A0AE91600EDE4BB /* Project object */ = {
			isa = PBXProject;
			attributes = {
				BuildIndependentTargetsInParallel = 1;
				LastSwiftUpdateCheck = 1420;
				LastUpgradeCheck = 1420;
				TargetAttributes = {
					3F8A8BC02A0AE91700EDE4BB = {
						CreatedOnToolsVersion = 14.2;
					};
					3F8A8BCA2A0AE91700EDE4BB = {
						CreatedOnToolsVersion = 14.2;
					};
				};
			};
			buildConfigurationList = 3F8A8BBB2A0AE91600EDE4BB /* Build configuration list for PBXProject "SafePrintScreenSwift" */;
			compatibilityVersion = "Xcode 14.0";
			developmentRegion = en;
			hasScannedForEncodings = 0;
			knownRegions = (
				en,
				Base,
			);
			mainGroup = 3F8A8BB72A0AE91600EDE4BB;
			productRefGroup = 3F8A8BC22A0AE91700EDE4BB /* Products */;
			projectDirPath = "";
			projectRoot = "";
			targets = (
				3F8A8BC02A0AE91700EDE4BB /* SafePrintScreenSwift */,
				3F8A8BCA2A0AE91700EDE4BB /* SafePrintScreenSwiftTests */,
			);
		};
/* End PBXProject section */

/* Begin PBXResourcesBuildPhase section */
		3F8A8BBF2A0AE91700EDE4BB /* Resources */ = {
			isa = PBXResourcesBuildPhase;
			buildActionMask = 2147483647;
			files = (
			);
			runOnlyForDeploymentPostprocessing = 0;
		};
		3F8A8BC92A0AE91700EDE4BB /* Resources */ = {
			isa = PBXResourcesBuildPhase;
			buildActionMask = 2147483647;
			files = (
			);
			runOnlyForDeploymentPostprocessing = 0;
		};
/* End PBXResourcesBuildPhase section */

/* Begin PBXSourcesBuildPhase section */
		3F8A8BBD2A0AE91700EDE4BB /* Sources */ = {
			isa = PBXSourcesBuildPhase;
			buildActionMask = 2147483647;
			files = (
				3F8A8BDC2A0AE92D00EDE4BB /* SafePrintScreenManager.swift in Sources */,
				3F8A8BC62A0AE91700EDE4BB /* SafePrintScreenSwift.docc in Sources */,
				3F8A8BE22A0AECA100EDE4BB /* UIView+Extension.swift in Sources */,
				3F8A8BDF2A0AEC1E00EDE4BB /* SafePrintScreenDelegate.swift in Sources */,
			);
			runOnlyForDeploymentPostprocessing = 0;
		};
		3F8A8BC72A0AE91700EDE4BB /* Sources */ = {
			isa = PBXSourcesBuildPhase;
			buildActionMask = 2147483647;
			files = (
				3F8A8BD12A0AE91700EDE4BB /* SafePrintScreenSwiftTests.swift in Sources */,
			);
			runOnlyForDeploymentPostprocessing = 0;
		};
/* End PBXSourcesBuildPhase section */

/* Begin PBXTargetDependency section */
		3F8A8BCE2A0AE91700EDE4BB /* PBXTargetDependency */ = {
			isa = PBXTargetDependency;
			target = 3F8A8BC02A0AE91700EDE4BB /* SafePrintScreenSwift */;
			targetProxy = 3F8A8BCD2A0AE91700EDE4BB /* PBXContainerItemProxy */;
		};
/* End PBXTargetDependency section */

/* Begin XCBuildConfiguration section */
		3F8A8BD32A0AE91700EDE4BB /* Debug */ = {
			isa = XCBuildConfiguration;
			buildSettings = {
				ALWAYS_SEARCH_USER_PATHS = NO;
				CLANG_ANALYZER_NONNULL = YES;
				CLANG_ANALYZER_NUMBER_OBJECT_CONVERSION = YES_AGGRESSIVE;
				CLANG_CXX_LANGUAGE_STANDARD = "gnu++20";
				CLANG_ENABLE_MODULES = YES;
				CLANG_ENABLE_OBJC_ARC = YES;
				CLANG_ENABLE_OBJC_WEAK = YES;
				CLANG_WARN_BLOCK_CAPTURE_AUTORELEASING = YES;
				CLANG_WARN_BOOL_CONVERSION = YES;
				CLANG_WARN_COMMA = YES;
				CLANG_WARN_CONSTANT_CONVERSION = YES;
				CLANG_WARN_DEPRECATED_OBJC_IMPLEMENTATIONS = YES;
				CLANG_WARN_DIRECT_OBJC_ISA_USAGE = YES_ERROR;
				CLANG_WARN_DOCUMENTATION_COMMENTS = YES;
				CLANG_WARN_EMPTY_BODY = YES;
				CLANG_WARN_ENUM_CONVERSION = YES;
				CLANG_WARN_INFINITE_RECURSION = YES;
				CLANG_WARN_INT_CONVERSION = YES;
				CLANG_WARN_NON_LITERAL_NULL_CONVERSION = YES;
				CLANG_WARN_OBJC_IMPLICIT_RETAIN_SELF = YES;
				CLANG_WARN_OBJC_LITERAL_CONVERSION = YES;
				CLANG_WARN_OBJC_ROOT_CLASS = YES_ERROR;
				CLANG_WARN_QUOTED_INCLUDE_IN_FRAMEWORK_HEADER = YES;
				CLANG_WARN_RANGE_LOOP_ANALYSIS = YES;
				CLANG_WARN_STRICT_PROTOTYPES = YES;
				CLANG_WARN_SUSPICIOUS_MOVE = YES;
				CLANG_WARN_UNGUARDED_AVAILABILITY = YES_AGGRESSIVE;
				CLANG_WARN_UNREACHABLE_CODE = YES;
				CLANG_WARN__DUPLICATE_METHOD_MATCH = YES;
				COPY_PHASE_STRIP = NO;
				CURRENT_PROJECT_VERSION = 1;
				DEBUG_INFORMATION_FORMAT = dwarf;
				ENABLE_STRICT_OBJC_MSGSEND = YES;
				ENABLE_TESTABILITY = YES;
				GCC_C_LANGUAGE_STANDARD = gnu11;
				GCC_DYNAMIC_NO_PIC = NO;
				GCC_NO_COMMON_BLOCKS = YES;
				GCC_OPTIMIZATION_LEVEL = 0;
				GCC_PREPROCESSOR_DEFINITIONS = (
					"DEBUG=1",
					"$(inherited)",
				);
				GCC_WARN_64_TO_32_BIT_CONVERSION = YES;
				GCC_WARN_ABOUT_RETURN_TYPE = YES_ERROR;
				GCC_WARN_UNDECLARED_SELECTOR = YES;
				GCC_WARN_UNINITIALIZED_AUTOS = YES_AGGRESSIVE;
				GCC_WARN_UNUSED_FUNCTION = YES;
				GCC_WARN_UNUSED_VARIABLE = YES;
				IPHONEOS_DEPLOYMENT_TARGET = 16.2;
				MTL_ENABLE_DEBUG_INFO = INCLUDE_SOURCE;
				MTL_FAST_MATH = YES;
				ONLY_ACTIVE_ARCH = YES;
				SDKROOT = iphoneos;
				SWIFT_ACTIVE_COMPILATION_CONDITIONS = DEBUG;
				SWIFT_OPTIMIZATION_LEVEL = "-Onone";
				VERSIONING_SYSTEM = "apple-generic";
				VERSION_INFO_PREFIX = "";
			};
			name = Debug;
		};
		3F8A8BD42A0AE91700EDE4BB /* Release */ = {
			isa = XCBuildConfiguration;
			buildSettings = {
				ALWAYS_SEARCH_USER_PATHS = NO;
				CLANG_ANALYZER_NONNULL = YES;
				CLANG_ANALYZER_NUMBER_OBJECT_CONVERSION = YES_AGGRESSIVE;
				CLANG_CXX_LANGUAGE_STANDARD = "gnu++20";
				CLANG_ENABLE_MODULES = YES;
				CLANG_ENABLE_OBJC_ARC = YES;
				CLANG_ENABLE_OBJC_WEAK = YES;
				CLANG_WARN_BLOCK_CAPTURE_AUTORELEASING = YES;
				CLANG_WARN_BOOL_CONVERSION = YES;
				CLANG_WARN_COMMA = YES;
				CLANG_WARN_CONSTANT_CONVERSION = YES;
				CLANG_WARN_DEPRECATED_OBJC_IMPLEMENTATIONS = YES;
				CLANG_WARN_DIRECT_OBJC_ISA_USAGE = YES_ERROR;
				CLANG_WARN_DOCUMENTATION_COMMENTS = YES;
				CLANG_WARN_EMPTY_BODY = YES;
				CLANG_WARN_ENUM_CONVERSION = YES;
				CLANG_WARN_INFINITE_RECURSION = YES;
				CLANG_WARN_INT_CONVERSION = YES;
				CLANG_WARN_NON_LITERAL_NULL_CONVERSION = YES;
				CLANG_WARN_OBJC_IMPLICIT_RETAIN_SELF = YES;
				CLANG_WARN_OBJC_LITERAL_CONVERSION = YES;
				CLANG_WARN_OBJC_ROOT_CLASS = YES_ERROR;
				CLANG_WARN_QUOTED_INCLUDE_IN_FRAMEWORK_HEADER = YES;
				CLANG_WARN_RANGE_LOOP_ANALYSIS = YES;
				CLANG_WARN_STRICT_PROTOTYPES = YES;
				CLANG_WARN_SUSPICIOUS_MOVE = YES;
				CLANG_WARN_UNGUARDED_AVAILABILITY = YES_AGGRESSIVE;
				CLANG_WARN_UNREACHABLE_CODE = YES;
				CLANG_WARN__DUPLICATE_METHOD_MATCH = YES;
				COPY_PHASE_STRIP = NO;
				CURRENT_PROJECT_VERSION = 1;
				DEBUG_INFORMATION_FORMAT = "dwarf-with-dsym";
				ENABLE_NS_ASSERTIONS = NO;
				ENABLE_STRICT_OBJC_MSGSEND = YES;
				GCC_C_LANGUAGE_STANDARD = gnu11;
				GCC_NO_COMMON_BLOCKS = YES;
				GCC_WARN_64_TO_32_BIT_CONVERSION = YES;
				GCC_WARN_ABOUT_RETURN_TYPE = YES_ERROR;
				GCC_WARN_UNDECLARED_SELECTOR = YES;
				GCC_WARN_UNINITIALIZED_AUTOS = YES_AGGRESSIVE;
				GCC_WARN_UNUSED_FUNCTION = YES;
				GCC_WARN_UNUSED_VARIABLE = YES;
				IPHONEOS_DEPLOYMENT_TARGET = 16.2;
				MTL_ENABLE_DEBUG_INFO = NO;
				MTL_FAST_MATH = YES;
				SDKROOT = iphoneos;
				SWIFT_COMPILATION_MODE = wholemodule;
				SWIFT_OPTIMIZATION_LEVEL = "-O";
				VALIDATE_PRODUCT = YES;
				VERSIONING_SYSTEM = "apple-generic";
				VERSION_INFO_PREFIX = "";
			};
			name = Release;
		};
		3F8A8BD62A0AE91700EDE4BB /* Debug */ = {
			isa = XCBuildConfiguration;
			buildSettings = {
				CODE_SIGN_STYLE = Automatic;
				CURRENT_PROJECT_VERSION = 1;
				DEFINES_MODULE = YES;
				DEVELOPMENT_TEAM = NXZ6YP6W9M;
				DYLIB_COMPATIBILITY_VERSION = 1;
				DYLIB_CURRENT_VERSION = 1;
				DYLIB_INSTALL_NAME_BASE = "@rpath";
				GENERATE_INFOPLIST_FILE = YES;
				INFOPLIST_KEY_NSHumanReadableCopyright = "";
				INFOPLIST_KEY_NSPhotoLibraryAddUsageDescription = "we need permission to your photo library.";
				INSTALL_PATH = "$(LOCAL_LIBRARY_DIR)/Frameworks";
				IPHONEOS_DEPLOYMENT_TARGET = 11.0;
				LD_RUNPATH_SEARCH_PATHS = (
					"$(inherited)",
					"@executable_path/Frameworks",
					"@loader_path/Frameworks",
				);
				MARKETING_VERSION = 1.0;
				PRODUCT_BUNDLE_IDENTIFIER = trtech.SafePrintScreenSwift;
				PRODUCT_NAME = "$(TARGET_NAME:c99extidentifier)";
				SKIP_INSTALL = YES;
				SUPPORTED_PLATFORMS = "iphoneos iphonesimulator";
				SUPPORTS_MACCATALYST = NO;
				SUPPORTS_MAC_DESIGNED_FOR_IPHONE_IPAD = NO;
				SWIFT_EMIT_LOC_STRINGS = YES;
				SWIFT_VERSION = 5.0;
				TARGETED_DEVICE_FAMILY = 1;
			};
			name = Debug;
		};
		3F8A8BD72A0AE91700EDE4BB /* Release */ = {
			isa = XCBuildConfiguration;
			buildSettings = {
				CODE_SIGN_STYLE = Automatic;
				CURRENT_PROJECT_VERSION = 1;
				DEFINES_MODULE = YES;
				DEVELOPMENT_TEAM = NXZ6YP6W9M;
				DYLIB_COMPATIBILITY_VERSION = 1;
				DYLIB_CURRENT_VERSION = 1;
				DYLIB_INSTALL_NAME_BASE = "@rpath";
				GENERATE_INFOPLIST_FILE = YES;
				INFOPLIST_KEY_NSHumanReadableCopyright = "";
				INFOPLIST_KEY_NSPhotoLibraryAddUsageDescription = "we need permission to your photo library.";
				INSTALL_PATH = "$(LOCAL_LIBRARY_DIR)/Frameworks";
				IPHONEOS_DEPLOYMENT_TARGET = 11.0;
				LD_RUNPATH_SEARCH_PATHS = (
					"$(inherited)",
					"@executable_path/Frameworks",
					"@loader_path/Frameworks",
				);
				MARKETING_VERSION = 1.0;
				PRODUCT_BUNDLE_IDENTIFIER = trtech.SafePrintScreenSwift;
				PRODUCT_NAME = "$(TARGET_NAME:c99extidentifier)";
				SKIP_INSTALL = YES;
				SUPPORTED_PLATFORMS = "iphoneos iphonesimulator";
				SUPPORTS_MACCATALYST = NO;
				SUPPORTS_MAC_DESIGNED_FOR_IPHONE_IPAD = NO;
				SWIFT_EMIT_LOC_STRINGS = YES;
				SWIFT_VERSION = 5.0;
				TARGETED_DEVICE_FAMILY = 1;
			};
			name = Release;
		};
		3F8A8BD92A0AE91700EDE4BB /* Debug */ = {
			isa = XCBuildConfiguration;
			buildSettings = {
				ALWAYS_EMBED_SWIFT_STANDARD_LIBRARIES = YES;
				CODE_SIGN_STYLE = Automatic;
				CURRENT_PROJECT_VERSION = 1;
				DEVELOPMENT_TEAM = NXZ6YP6W9M;
				GENERATE_INFOPLIST_FILE = YES;
				MARKETING_VERSION = 1.0;
				PRODUCT_BUNDLE_IDENTIFIER = trtech.SafePrintScreenSwiftTests;
				PRODUCT_NAME = "$(TARGET_NAME)";
				SWIFT_EMIT_LOC_STRINGS = NO;
				SWIFT_VERSION = 5.0;
				TARGETED_DEVICE_FAMILY = "1,2";
			};
			name = Debug;
		};
		3F8A8BDA2A0AE91700EDE4BB /* Release */ = {
			isa = XCBuildConfiguration;
			buildSettings = {
				ALWAYS_EMBED_SWIFT_STANDARD_LIBRARIES = YES;
				CODE_SIGN_STYLE = Automatic;
				CURRENT_PROJECT_VERSION = 1;
				DEVELOPMENT_TEAM = NXZ6YP6W9M;
				GENERATE_INFOPLIST_FILE = YES;
				MARKETING_VERSION = 1.0;
				PRODUCT_BUNDLE_IDENTIFIER = trtech.SafePrintScreenSwiftTests;
				PRODUCT_NAME = "$(TARGET_NAME)";
				SWIFT_EMIT_LOC_STRINGS = NO;
				SWIFT_VERSION = 5.0;
				TARGETED_DEVICE_FAMILY = "1,2";
			};
			name = Release;
		};
/* End XCBuildConfiguration section */

/* Begin XCConfigurationList section */
		3F8A8BBB2A0AE91600EDE4BB /* Build configuration list for PBXProject "SafePrintScreenSwift" */ = {
			isa = XCConfigurationList;
			buildConfigurations = (
				3F8A8BD32A0AE91700EDE4BB /* Debug */,
				3F8A8BD42A0AE91700EDE4BB /* Release */,
			);
			defaultConfigurationIsVisible = 0;
			defaultConfigurationName = Release;
		};
		3F8A8BD52A0AE91700EDE4BB /* Build configuration list for PBXNativeTarget "SafePrintScreenSwift" */ = {
			isa = XCConfigurationList;
			buildConfigurations = (
				3F8A8BD62A0AE91700EDE4BB /* Debug */,
				3F8A8BD72A0AE91700EDE4BB /* Release */,
			);
			defaultConfigurationIsVisible = 0;
			defaultConfigurationName = Release;
		};
		3F8A8BD82A0AE91700EDE4BB /* Build configuration list for PBXNativeTarget "SafePrintScreenSwiftTests" */ = {
			isa = XCConfigurationList;
			buildConfigurations = (
				3F8A8BD92A0AE91700EDE4BB /* Debug */,
				3F8A8BDA2A0AE91700EDE4BB /* Release */,
			);
			defaultConfigurationIsVisible = 0;
			defaultConfigurationName = Release;
		};
/* End XCConfigurationList section */
	};
	rootObject = 3F8A8BB82A0AE91600EDE4BB /* Project object */;
}
